// !$*UTF8*$!
{
	archiveVersion = 1;
	classes = {
	};
	objectVersion = 46;
	objects = {

/* Begin PBXBuildFile section */
		3A1E2A5F1CC8F51100A65F5A /* GameView.swift in Sources */ = {isa = PBXBuildFile; fileRef = 3A1E2A5E1CC8F51100A65F5A /* GameView.swift */; };
		3A250F521CCA47F30087ECDD /* Game.swift in Sources */ = {isa = PBXBuildFile; fileRef = 3A250F511CCA47F30087ECDD /* Game.swift */; };
		3A250F541CCA66400087ECDD /* Point.swift in Sources */ = {isa = PBXBuildFile; fileRef = 3A250F531CCA66400087ECDD /* Point.swift */; };
		3A250F561CCA6D5D0087ECDD /* GameTextView.swift in Sources */ = {isa = PBXBuildFile; fileRef = 3A250F551CCA6D5D0087ECDD /* GameTextView.swift */; };
		3A9D11821CC7A45A00799645 /* AppDelegate.swift in Sources */ = {isa = PBXBuildFile; fileRef = 3A9D11811CC7A45A00799645 /* AppDelegate.swift */; };
		3A9D11841CC7A45A00799645 /* GameViewController.swift in Sources */ = {isa = PBXBuildFile; fileRef = 3A9D11831CC7A45A00799645 /* GameViewController.swift */; };
		3A9D11871CC7A45A00799645 /* Game.storyboard in Resources */ = {isa = PBXBuildFile; fileRef = 3A9D11851CC7A45A00799645 /* Game.storyboard */; };
		3A9D11891CC7A45A00799645 /* Assets.xcassets in Resources */ = {isa = PBXBuildFile; fileRef = 3A9D11881CC7A45A00799645 /* Assets.xcassets */; };
		3A9D118C1CC7A45A00799645 /* LaunchScreen.storyboard in Resources */ = {isa = PBXBuildFile; fileRef = 3A9D118A1CC7A45A00799645 /* LaunchScreen.storyboard */; };
		3AF35D5A1D09DFB000040EC6 /* UnitTests.swift in Sources */ = {isa = PBXBuildFile; fileRef = 3AF35D591D09DFB000040EC6 /* UnitTests.swift */; };
		BEC9F7EBB2A41D3B51D4C68D /* Pods_Game_of_Life.framework in Frameworks */ = {isa = PBXBuildFile; fileRef = AFF83FFA6FACAF3CFB390587 /* Pods_Game_of_Life.framework */; };
/* End PBXBuildFile section */

/* Begin PBXContainerItemProxy section */
		3AF35D5C1D09DFB000040EC6 /* PBXContainerItemProxy */ = {
			isa = PBXContainerItemProxy;
			containerPortal = 3A9D11761CC7A45A00799645 /* Project object */;
			proxyType = 1;
			remoteGlobalIDString = 3A9D117D1CC7A45A00799645;
			remoteInfo = "Game of Life";
		};
/* End PBXContainerItemProxy section */

/* Begin PBXFileReference section */
		2436FDDED774886C1637E6F8 /* Pods-Game of Life.debug.xcconfig */ = {isa = PBXFileReference; includeInIndex = 1; lastKnownFileType = text.xcconfig; name = "Pods-Game of Life.debug.xcconfig"; path = "Pods/Target Support Files/Pods-Game of Life/Pods-Game of Life.debug.xcconfig"; sourceTree = "<group>"; };
		3A1E2A5E1CC8F51100A65F5A /* GameView.swift */ = {isa = PBXFileReference; fileEncoding = 4; lastKnownFileType = sourcecode.swift; path = GameView.swift; sourceTree = "<group>"; };
		3A250F511CCA47F30087ECDD /* Game.swift */ = {isa = PBXFileReference; fileEncoding = 4; lastKnownFileType = sourcecode.swift; path = Game.swift; sourceTree = "<group>"; };
		3A250F531CCA66400087ECDD /* Point.swift */ = {isa = PBXFileReference; fileEncoding = 4; lastKnownFileType = sourcecode.swift; path = Point.swift; sourceTree = "<group>"; };
		3A250F551CCA6D5D0087ECDD /* GameTextView.swift */ = {isa = PBXFileReference; fileEncoding = 4; lastKnownFileType = sourcecode.swift; path = GameTextView.swift; sourceTree = "<group>"; };
		3A9D117E1CC7A45A00799645 /* Game of Life.app */ = {isa = PBXFileReference; explicitFileType = wrapper.application; includeInIndex = 0; path = "Game of Life.app"; sourceTree = BUILT_PRODUCTS_DIR; };
		3A9D11811CC7A45A00799645 /* AppDelegate.swift */ = {isa = PBXFileReference; lastKnownFileType = sourcecode.swift; path = AppDelegate.swift; sourceTree = "<group>"; };
		3A9D11831CC7A45A00799645 /* GameViewController.swift */ = {isa = PBXFileReference; lastKnownFileType = sourcecode.swift; path = GameViewController.swift; sourceTree = "<group>"; tabWidth = 174; };
		3A9D11861CC7A45A00799645 /* Base */ = {isa = PBXFileReference; lastKnownFileType = file.storyboard; name = Base; path = Base.lproj/Game.storyboard; sourceTree = "<group>"; };
		3A9D11881CC7A45A00799645 /* Assets.xcassets */ = {isa = PBXFileReference; lastKnownFileType = folder.assetcatalog; path = Assets.xcassets; sourceTree = "<group>"; };
		3A9D118B1CC7A45A00799645 /* Base */ = {isa = PBXFileReference; lastKnownFileType = file.storyboard; name = Base; path = Base.lproj/LaunchScreen.storyboard; sourceTree = "<group>"; };
		3A9D118D1CC7A45A00799645 /* Info.plist */ = {isa = PBXFileReference; lastKnownFileType = text.plist.xml; path = Info.plist; sourceTree = "<group>"; };
		3AF35D571D09DFB000040EC6 /* UnitTests.xctest */ = {isa = PBXFileReference; explicitFileType = wrapper.cfbundle; includeInIndex = 0; path = UnitTests.xctest; sourceTree = BUILT_PRODUCTS_DIR; };
		3AF35D591D09DFB000040EC6 /* UnitTests.swift */ = {isa = PBXFileReference; lastKnownFileType = sourcecode.swift; path = UnitTests.swift; sourceTree = "<group>"; };
		3AF35D5B1D09DFB000040EC6 /* Info.plist */ = {isa = PBXFileReference; lastKnownFileType = text.plist.xml; path = Info.plist; sourceTree = "<group>"; };
		8057AEF0CB3CCEB8EBEE0F45 /* Pods-Game of Life.release.xcconfig */ = {isa = PBXFileReference; includeInIndex = 1; lastKnownFileType = text.xcconfig; name = "Pods-Game of Life.release.xcconfig"; path = "Pods/Target Support Files/Pods-Game of Life/Pods-Game of Life.release.xcconfig"; sourceTree = "<group>"; };
		AFF83FFA6FACAF3CFB390587 /* Pods_Game_of_Life.framework */ = {isa = PBXFileReference; explicitFileType = wrapper.framework; includeInIndex = 0; path = Pods_Game_of_Life.framework; sourceTree = BUILT_PRODUCTS_DIR; };
/* End PBXFileReference section */

/* Begin PBXFrameworksBuildPhase section */
		3A9D117B1CC7A45A00799645 /* Frameworks */ = {
			isa = PBXFrameworksBuildPhase;
			buildActionMask = 2147483647;
			files = (
				BEC9F7EBB2A41D3B51D4C68D /* Pods_Game_of_Life.framework in Frameworks */,
			);
			runOnlyForDeploymentPostprocessing = 0;
		};
		3AF35D541D09DFB000040EC6 /* Frameworks */ = {
			isa = PBXFrameworksBuildPhase;
			buildActionMask = 2147483647;
			files = (
			);
			runOnlyForDeploymentPostprocessing = 0;
		};
/* End PBXFrameworksBuildPhase section */

/* Begin PBXGroup section */
		2B0000BD508A2FC27A33EEC5 /* Pods */ = {
			isa = PBXGroup;
			children = (
				2436FDDED774886C1637E6F8 /* Pods-Game of Life.debug.xcconfig */,
				8057AEF0CB3CCEB8EBEE0F45 /* Pods-Game of Life.release.xcconfig */,
			);
			name = Pods;
			sourceTree = "<group>";
		};
		3A9D11751CC7A45A00799645 = {
			isa = PBXGroup;
			children = (
				3A9D11801CC7A45A00799645 /* Game of Life */,
				3AF35D581D09DFB000040EC6 /* UnitTests */,
				3A9D117F1CC7A45A00799645 /* Products */,
				2B0000BD508A2FC27A33EEC5 /* Pods */,
				D8BE3FAD8678F4C030A6F750 /* Frameworks */,
			);
			sourceTree = "<group>";
		};
		3A9D117F1CC7A45A00799645 /* Products */ = {
			isa = PBXGroup;
			children = (
				3A9D117E1CC7A45A00799645 /* Game of Life.app */,
				3AF35D571D09DFB000040EC6 /* UnitTests.xctest */,
			);
			name = Products;
			sourceTree = "<group>";
		};
		3A9D11801CC7A45A00799645 /* Game of Life */ = {
			isa = PBXGroup;
			children = (
				3A9D11811CC7A45A00799645 /* AppDelegate.swift */,
				3A9D11881CC7A45A00799645 /* Assets.xcassets */,
				3A250F511CCA47F30087ECDD /* Game.swift */,
				3A250F551CCA6D5D0087ECDD /* GameTextView.swift */,
				3A9D118D1CC7A45A00799645 /* Info.plist */,
				3A9D118A1CC7A45A00799645 /* LaunchScreen.storyboard */,
				3A9D11851CC7A45A00799645 /* Game.storyboard */,
				3A1E2A5E1CC8F51100A65F5A /* GameView.swift */,
				3A9D11831CC7A45A00799645 /* GameViewController.swift */,
				3A250F531CCA66400087ECDD /* Point.swift */,
			);
			path = "Game of Life";
			sourceTree = "<group>";
		};
		3AF35D581D09DFB000040EC6 /* UnitTests */ = {
			isa = PBXGroup;
			children = (
				3AF35D591D09DFB000040EC6 /* UnitTests.swift */,
				3AF35D5B1D09DFB000040EC6 /* Info.plist */,
			);
			path = UnitTests;
			sourceTree = "<group>";
		};
		D8BE3FAD8678F4C030A6F750 /* Frameworks */ = {
			isa = PBXGroup;
			children = (
				AFF83FFA6FACAF3CFB390587 /* Pods_Game_of_Life.framework */,
			);
			name = Frameworks;
			sourceTree = "<group>";
		};
/* End PBXGroup section */

/* Begin PBXNativeTarget section */
		3A9D117D1CC7A45A00799645 /* Game of Life */ = {
			isa = PBXNativeTarget;
			buildConfigurationList = 3A9D11901CC7A45A00799645 /* Build configuration list for PBXNativeTarget "Game of Life" */;
			buildPhases = (
				ADA97C9F80DABE4663D0FC71 /* [CP] Check Pods Manifest.lock */,
				3A9D117A1CC7A45A00799645 /* Sources */,
				3A9D117B1CC7A45A00799645 /* Frameworks */,
				3A9D117C1CC7A45A00799645 /* Resources */,
				F89E6663A3BBA08D9826C28C /* [CP] Embed Pods Frameworks */,
				78B906DE01FC1650F74EC31E /* [CP] Copy Pods Resources */,
			);
			buildRules = (
			);
			dependencies = (
			);
			name = "Game of Life";
			productName = "Game of Life";
			productReference = 3A9D117E1CC7A45A00799645 /* Game of Life.app */;
			productType = "com.apple.product-type.application";
		};
		3AF35D561D09DFB000040EC6 /* UnitTests */ = {
			isa = PBXNativeTarget;
			buildConfigurationList = 3AF35D601D09DFB000040EC6 /* Build configuration list for PBXNativeTarget "UnitTests" */;
			buildPhases = (
				3AF35D531D09DFB000040EC6 /* Sources */,
				3AF35D541D09DFB000040EC6 /* Frameworks */,
				3AF35D551D09DFB000040EC6 /* Resources */,
			);
			buildRules = (
			);
			dependencies = (
				3AF35D5D1D09DFB000040EC6 /* PBXTargetDependency */,
			);
			name = UnitTests;
			productName = UnitTests;
			productReference = 3AF35D571D09DFB000040EC6 /* UnitTests.xctest */;
			productType = "com.apple.product-type.bundle.unit-test";
		};
/* End PBXNativeTarget section */

/* Begin PBXProject section */
		3A9D11761CC7A45A00799645 /* Project object */ = {
			isa = PBXProject;
			attributes = {
				LastSwiftUpdateCheck = 0730;
				LastUpgradeCheck = 0730;
				ORGANIZATIONNAME = infloresc.ro;
				TargetAttributes = {
					3A9D117D1CC7A45A00799645 = {
						CreatedOnToolsVersion = 7.3;
					};
					3AF35D561D09DFB000040EC6 = {
						CreatedOnToolsVersion = 7.3.1;
						TestTargetID = 3A9D117D1CC7A45A00799645;
					};
				};
			};
			buildConfigurationList = 3A9D11791CC7A45A00799645 /* Build configuration list for PBXProject "Game of Life" */;
			compatibilityVersion = "Xcode 3.2";
			developmentRegion = English;
			hasScannedForEncodings = 0;
			knownRegions = (
				en,
				Base,
			);
			mainGroup = 3A9D11751CC7A45A00799645;
			productRefGroup = 3A9D117F1CC7A45A00799645 /* Products */;
			projectDirPath = "";
			projectRoot = "";
			targets = (
				3A9D117D1CC7A45A00799645 /* Game of Life */,
				3AF35D561D09DFB000040EC6 /* UnitTests */,
			);
		};
/* End PBXProject section */

/* Begin PBXResourcesBuildPhase section */
		3A9D117C1CC7A45A00799645 /* Resources */ = {
			isa = PBXResourcesBuildPhase;
			buildActionMask = 2147483647;
			files = (
				3A9D118C1CC7A45A00799645 /* LaunchScreen.storyboard in Resources */,
				3A9D11891CC7A45A00799645 /* Assets.xcassets in Resources */,
				3A9D11871CC7A45A00799645 /* Game.storyboard in Resources */,
			);
			runOnlyForDeploymentPostprocessing = 0;
		};
		3AF35D551D09DFB000040EC6 /* Resources */ = {
			isa = PBXResourcesBuildPhase;
			buildActionMask = 2147483647;
			files = (
			);
			runOnlyForDeploymentPostprocessing = 0;
		};
/* End PBXResourcesBuildPhase section */

/* Begin PBXShellScriptBuildPhase section */
		78B906DE01FC1650F74EC31E /* [CP] Copy Pods Resources */ = {
			isa = PBXShellScriptBuildPhase;
			buildActionMask = 2147483647;
			files = (
			);
			inputPaths = (
			);
			name = "[CP] Copy Pods Resources";
			outputPaths = (
			);
			runOnlyForDeploymentPostprocessing = 0;
			shellPath = /bin/sh;
			shellScript = "\"${SRCROOT}/Pods/Target Support Files/Pods-Game of Life/Pods-Game of Life-resources.sh\"\n";
			showEnvVarsInLog = 0;
		};
		ADA97C9F80DABE4663D0FC71 /* [CP] Check Pods Manifest.lock */ = {
			isa = PBXShellScriptBuildPhase;
			buildActionMask = 2147483647;
			files = (
			);
			inputPaths = (
			);
			name = "[CP] Check Pods Manifest.lock";
			outputPaths = (
			);
			runOnlyForDeploymentPostprocessing = 0;
			shellPath = /bin/sh;
			shellScript = "diff \"${PODS_ROOT}/../Podfile.lock\" \"${PODS_ROOT}/Manifest.lock\" > /dev/null\nif [[ $? != 0 ]] ; then\n    cat << EOM\nerror: The sandbox is not in sync with the Podfile.lock. Run 'pod install' or update your CocoaPods installation.\nEOM\n    exit 1\nfi\n";
			showEnvVarsInLog = 0;
		};
		F89E6663A3BBA08D9826C28C /* [CP] Embed Pods Frameworks */ = {
			isa = PBXShellScriptBuildPhase;
			buildActionMask = 2147483647;
			files = (
			);
			inputPaths = (
			);
			name = "[CP] Embed Pods Frameworks";
			outputPaths = (
			);
			runOnlyForDeploymentPostprocessing = 0;
			shellPath = /bin/sh;
			shellScript = "\"${SRCROOT}/Pods/Target Support Files/Pods-Game of Life/Pods-Game of Life-frameworks.sh\"\n";
			showEnvVarsInLog = 0;
		};
/* End PBXShellScriptBuildPhase section */

/* Begin PBXSourcesBuildPhase section */
		3A9D117A1CC7A45A00799645 /* Sources */ = {
			isa = PBXSourcesBuildPhase;
			buildActionMask = 2147483647;
			files = (
				3A9D11841CC7A45A00799645 /* GameViewController.swift in Sources */,
				3A250F561CCA6D5D0087ECDD /* GameTextView.swift in Sources */,
				3A250F541CCA66400087ECDD /* Point.swift in Sources */,
				3A1E2A5F1CC8F51100A65F5A /* GameView.swift in Sources */,
				3A9D11821CC7A45A00799645 /* AppDelegate.swift in Sources */,
				3A250F521CCA47F30087ECDD /* Game.swift in Sources */,
			);
			runOnlyForDeploymentPostprocessing = 0;
		};
		3AF35D531D09DFB000040EC6 /* Sources */ = {
			isa = PBXSourcesBuildPhase;
			buildActionMask = 2147483647;
			files = (
				3AF35D5A1D09DFB000040EC6 /* UnitTests.swift in Sources */,
			);
			runOnlyForDeploymentPostprocessing = 0;
		};
/* End PBXSourcesBuildPhase section */

/* Begin PBXTargetDependency section */
		3AF35D5D1D09DFB000040EC6 /* PBXTargetDependency */ = {
			isa = PBXTargetDependency;
			target = 3A9D117D1CC7A45A00799645 /* Game of Life */;
			targetProxy = 3AF35D5C1D09DFB000040EC6 /* PBXContainerItemProxy */;
		};
/* End PBXTargetDependency section */

/* Begin PBXVariantGroup section */
		3A9D11851CC7A45A00799645 /* Game.storyboard */ = {
			isa = PBXVariantGroup;
			children = (
				3A9D11861CC7A45A00799645 /* Base */,
			);
			name = Game.storyboard;
			sourceTree = "<group>";
		};
		3A9D118A1CC7A45A00799645 /* LaunchScreen.storyboard */ = {
			isa = PBXVariantGroup;
			children = (
				3A9D118B1CC7A45A00799645 /* Base */,
			);
			name = LaunchScreen.storyboard;
			sourceTree = "<group>";
		};
/* End PBXVariantGroup section */

/* Begin XCBuildConfiguration section */
		3A9D118E1CC7A45A00799645 /* Debug */ = {
			isa = XCBuildConfiguration;
			buildSettings = {
				ALWAYS_SEARCH_USER_PATHS = NO;
				CLANG_ANALYZER_NONNULL = YES;
				CLANG_CXX_LANGUAGE_STANDARD = "gnu++0x";
				CLANG_CXX_LIBRARY = "libc++";
				CLANG_ENABLE_MODULES = YES;
				CLANG_ENABLE_OBJC_ARC = YES;
				CLANG_WARN_BOOL_CONVERSION = YES;
				CLANG_WARN_CONSTANT_CONVERSION = YES;
				CLANG_WARN_DIRECT_OBJC_ISA_USAGE = YES_ERROR;
				CLANG_WARN_EMPTY_BODY = YES;
				CLANG_WARN_ENUM_CONVERSION = YES;
				CLANG_WARN_INT_CONVERSION = YES;
				CLANG_WARN_OBJC_ROOT_CLASS = YES_ERROR;
				CLANG_WARN_UNREACHABLE_CODE = YES;
				CLANG_WARN__DUPLICATE_METHOD_MATCH = YES;
				"CODE_SIGN_IDENTITY[sdk=iphoneos*]" = "iPhone Developer";
				COPY_PHASE_STRIP = NO;
				DEBUG_INFORMATION_FORMAT = dwarf;
				ENABLE_STRICT_OBJC_MSGSEND = YES;
				ENABLE_TESTABILITY = YES;
				GCC_C_LANGUAGE_STANDARD = gnu99;
				GCC_DYNAMIC_NO_PIC = NO;
				GCC_NO_COMMON_BLOCKS = YES;
				GCC_OPTIMIZATION_LEVEL = 0;
				GCC_PREPROCESSOR_DEFINITIONS = (
					"DEBUG=1",
					"$(inherited)",
				);
				GCC_WARN_64_TO_32_BIT_CONVERSION = YES;
				GCC_WARN_ABOUT_RETURN_TYPE = YES_ERROR;
				GCC_WARN_UNDECLARED_SELECTOR = YES;
				GCC_WARN_UNINITIALIZED_AUTOS = YES_AGGRESSIVE;
				GCC_WARN_UNUSED_FUNCTION = YES;
				GCC_WARN_UNUSED_VARIABLE = YES;
				IPHONEOS_DEPLOYMENT_TARGET = 8.0;
				MTL_ENABLE_DEBUG_INFO = YES;
				ONLY_ACTIVE_ARCH = YES;
				SDKROOT = iphoneos;
				SWIFT_OPTIMIZATION_LEVEL = "-Onone";
			};
			name = Debug;
		};
		3A9D118F1CC7A45A00799645 /* Release */ = {
			isa = XCBuildConfiguration;
			buildSettings = {
				ALWAYS_SEARCH_USER_PATHS = NO;
				CLANG_ANALYZER_NONNULL = YES;
				CLANG_CXX_LANGUAGE_STANDARD = "gnu++0x";
				CLANG_CXX_LIBRARY = "libc++";
				CLANG_ENABLE_MODULES = YES;
				CLANG_ENABLE_OBJC_ARC = YES;
				CLANG_WARN_BOOL_CONVERSION = YES;
				CLANG_WARN_CONSTANT_CONVERSION = YES;
				CLANG_WARN_DIRECT_OBJC_ISA_USAGE = YES_ERROR;
				CLANG_WARN_EMPTY_BODY = YES;
				CLANG_WARN_ENUM_CONVERSION = YES;
				CLANG_WARN_INT_CONVERSION = YES;
				CLANG_WARN_OBJC_ROOT_CLASS = YES_ERROR;
				CLANG_WARN_UNREACHABLE_CODE = YES;
				CLANG_WARN__DUPLICATE_METHOD_MATCH = YES;
				"CODE_SIGN_IDENTITY[sdk=iphoneos*]" = "iPhone Developer";
				COPY_PHASE_STRIP = NO;
				DEBUG_INFORMATION_FORMAT = "dwarf-with-dsym";
				ENABLE_NS_ASSERTIONS = NO;
				ENABLE_STRICT_OBJC_MSGSEND = YES;
				GCC_C_LANGUAGE_STANDARD = gnu99;
				GCC_NO_COMMON_BLOCKS = YES;
				GCC_WARN_64_TO_32_BIT_CONVERSION = YES;
				GCC_WARN_ABOUT_RETURN_TYPE = YES_ERROR;
				GCC_WARN_UNDECLARED_SELECTOR = YES;
				GCC_WARN_UNINITIALIZED_AUTOS = YES_AGGRESSIVE;
				GCC_WARN_UNUSED_FUNCTION = YES;
				GCC_WARN_UNUSED_VARIABLE = YES;
				IPHONEOS_DEPLOYMENT_TARGET = 8.0;
				MTL_ENABLE_DEBUG_INFO = NO;
				SDKROOT = iphoneos;
				VALIDATE_PRODUCT = YES;
			};
			name = Release;
		};
		3A9D11911CC7A45A00799645 /* Debug */ = {
			isa = XCBuildConfiguration;
			baseConfigurationReference = 2436FDDED774886C1637E6F8 /* Pods-Game of Life.debug.xcconfig */;
			buildSettings = {
				ASSETCATALOG_COMPILER_APPICON_NAME = AppIcon;
				INFOPLIST_FILE = "Game of Life/Info.plist";
				LD_RUNPATH_SEARCH_PATHS = "$(inherited) @executable_path/Frameworks";
				PRODUCT_BUNDLE_IDENTIFIER = "ro.infloresc.game-of-life.Game-of-Life";
				PRODUCT_NAME = "$(TARGET_NAME)";
			};
			name = Debug;
		};
		3A9D11921CC7A45A00799645 /* Release */ = {
			isa = XCBuildConfiguration;
			baseConfigurationReference = 8057AEF0CB3CCEB8EBEE0F45 /* Pods-Game of Life.release.xcconfig */;
			buildSettings = {
				ASSETCATALOG_COMPILER_APPICON_NAME = AppIcon;
				INFOPLIST_FILE = "Game of Life/Info.plist";
				LD_RUNPATH_SEARCH_PATHS = "$(inherited) @executable_path/Frameworks";
				PRODUCT_BUNDLE_IDENTIFIER = "ro.infloresc.game-of-life.Game-of-Life";
				PRODUCT_NAME = "$(TARGET_NAME)";
			};
			name = Release;
		};
		3AF35D5E1D09DFB000040EC6 /* Debug */ = {
			isa = XCBuildConfiguration;
			buildSettings = {
				BUNDLE_LOADER = "$(TEST_HOST)";
				INFOPLIST_FILE = UnitTests/Info.plist;
				IPHONEOS_DEPLOYMENT_TARGET = 9.3;
				LD_RUNPATH_SEARCH_PATHS = "$(inherited) @executable_path/Frameworks @loader_path/Frameworks";
				PRODUCT_BUNDLE_IDENTIFIER = "ro.infloresc.swift-playground.UnitTests";
				PRODUCT_NAME = "$(TARGET_NAME)";
				TEST_HOST = "$(BUILT_PRODUCTS_DIR)/Game of Life.app/Game of Life";
			};
			name = Debug;
		};
		3AF35D5F1D09DFB000040EC6 /* Release */ = {
			isa = XCBuildConfiguration;
			buildSettings = {
				BUNDLE_LOADER = "$(TEST_HOST)";
				INFOPLIST_FILE = UnitTests/Info.plist;
				IPHONEOS_DEPLOYMENT_TARGET = 9.3;
				LD_RUNPATH_SEARCH_PATHS = "$(inherited) @executable_path/Frameworks @loader_path/Frameworks";
				PRODUCT_BUNDLE_IDENTIFIER = "ro.infloresc.swift-playground.UnitTests";
				PRODUCT_NAME = "$(TARGET_NAME)";
				TEST_HOST = "$(BUILT_PRODUCTS_DIR)/Game of Life.app/Game of Life";
			};
			name = Release;
		};
/* End XCBuildConfiguration section */

/* Begin XCConfigurationList section */
		3A9D11791CC7A45A00799645 /* Build configuration list for PBXProject "Game of Life" */ = {
			isa = XCConfigurationList;
			buildConfigurations = (
				3A9D118E1CC7A45A00799645 /* Debug */,
				3A9D118F1CC7A45A00799645 /* Release */,
			);
			defaultConfigurationIsVisible = 0;
			defaultConfigurationName = Release;
		};
		3A9D11901CC7A45A00799645 /* Build configuration list for PBXNativeTarget "Game of Life" */ = {
			isa = XCConfigurationList;
			buildConfigurations = (
				3A9D11911CC7A45A00799645 /* Debug */,
				3A9D11921CC7A45A00799645 /* Release */,
			);
			defaultConfigurationIsVisible = 0;
			defaultConfigurationName = Release;
		};
		3AF35D601D09DFB000040EC6 /* Build configuration list for PBXNativeTarget "UnitTests" */ = {
			isa = XCConfigurationList;
			buildConfigurations = (
				3AF35D5E1D09DFB000040EC6 /* Debug */,
				3AF35D5F1D09DFB000040EC6 /* Release */,
			);
			defaultConfigurationIsVisible = 0;
			defaultConfigurationName = Release;
		};
/* End XCConfigurationList section */
	};
	rootObject = 3A9D11761CC7A45A00799645 /* Project object */;
}
